PODS:
  - Flutter (1.0.0)
  - Stripe (23.22.1):
    - StripeApplePay (= 23.22.1)
    - StripeCore (= 23.22.1)
    - StripePayments (= 23.22.1)
    - StripePaymentsUI (= 23.22.1)
    - StripeUICore (= 23.22.1)
  - stripe_ios (0.0.1):
    - Flutter
    - Stripe (~> 23.22.0)
    - StripeApplePay (~> 23.22.0)
    - StripeFinancialConnections (~> 23.22.0)
    - StripePayments (~> 23.22.0)
    - StripePaymentSheet (~> 23.22.0)
    - StripePaymentsUI (~> 23.22.0)
  - StripeApplePay (23.22.1):
    - StripeCore (= 23.22.1)
  - StripeCore (23.22.1)
  - StripeFinancialConnections (23.22.1):
    - StripeCore (= 23.22.1)
    - StripeUICore (= 23.22.1)
  - StripePayments (23.22.1):
    - StripeCore (= 23.22.1)
    - StripePayments/Stripe3DS2 (= 23.22.1)
  - StripePayments/Stripe3DS2 (23.22.1):
    - StripeCore (= 23.22.1)
  - StripePaymentSheet (23.22.1):
    - StripeApplePay (= 23.22.1)
    - StripeCore (= 23.22.1)
    - StripePayments (= 23.22.1)
    - StripePaymentsUI (= 23.22.1)
  - StripePaymentsUI (23.22.1):
    - StripeCore (= 23.22.1)
    - StripePayments (= 23.22.1)
    - StripeUICore (= 23.22.1)
  - StripeUICore (23.22.1):
    - StripeCore (= 23.22.1)

DEPENDENCIES:
  - Flutter (from `Flutter`)
  - stripe_ios (from `.symlinks/plugins/stripe_ios/ios`)

SPEC REPOS:
  trunk:
    - Stripe
    - StripeApplePay
    - StripeCore
    - StripeFinancialConnections
    - StripePayments
    - StripePaymentSheet
    - StripePaymentsUI
    - StripeUICore

EXTERNAL SOURCES:
  Flutter:
    :path: Flutter
  stripe_ios:
    :path: ".symlinks/plugins/stripe_ios/ios"

SPEC CHECKSUMS:
  Flutter: e0871f40cf51350855a761d2e70bf5af5b9b5de7
  Stripe: b65e9f748f8f51b51e015b0d72f5474dc0708788
  stripe_ios: 433385aa051f8965915d495744946ee5a5d657db
  StripeApplePay: 4a2fef6cd4e1e9b2c0849919fc7b3a9c5c3684b1
  StripeCore: e1f6cd91d1487c0f6b5db81b42aec860420f75c9
  StripeFinancialConnections: d223a44613e6982cedd552c5950edc9b4901c90a
  StripePayments: 76144e9e6b5fee859954238a175f859043562659
  StripePaymentSheet: a25d920bb3bb5e2580696476482dc7df9cb5e4e2
  StripePaymentsUI: 66088abec88754bbdd522ef227dfdbb2265a653e
  StripeUICore: b193c7d35e9cd1b04bc9ed4a6fb8c548fcee83fa

PODFILE CHECKSUM: a57f30d18f102dd3ce366b1d62a55ecbef2158e5

COCOAPODS: 1.15.2
